
Microsoft Visual Studio Solution File, Format Version 12.00
# Visual Studio Version 17
VisualStudioVersion = 17.2.32630.192
MinimumVisualStudioVersion = 10.0.40219.1
Project("{FAE04EC0-301F-11D3-BF4B-00C04F79EFBC}") = "tictac", "tictac\tictac.csproj", "{5C3A4A2A-8BF6-4849-905F-9DA83A20E8E5}"
EndProject
Global
	GlobalSection(SolutionConfigurationPlatforms) = preSolution
		Debug|Any CPU = Debug|Any CPU
		Release|Any CPU = Release|Any CPU
	EndGlobalSection
	GlobalSection(ProjectConfigurationPlatforms) = postSolution
		{5C3A4A2A-8BF6-4849-905F-9DA83A20E8E5}.Debug|Any CPU.ActiveCfg = Debug|Any CPU
		{5C3A4A2A-8BF6-4849-905F-9DA83A20E8E5}.Debug|Any CPU.Build.0 = Debug|Any CPU
		{5C3A4A2A-8BF6-4849-905F-9DA83A20E8E5}.Release|Any CPU.ActiveCfg = Release|Any CPU
		{5C3A4A2A-8BF6-4849-905F-9DA83A20E8E5}.Release|Any CPU.Build.0 = Release|Any CPU
	EndGlobalSection
	GlobalSection(SolutionProperties) = preSolution
		HideSolutionNode = FALSE
	EndGlobalSection
	GlobalSection(ExtensibilityGlobals) = postSolution
		SolutionGuid = {5CC9AF9D-1D67-44F5-B269-37C2BDE91F63}
	EndGlobalSection
EndGlobal
